
Microsoft Visual Studio Solution File, Format Version 12.00
# Visual Studio Version 17
VisualStudioVersion = 17.11.35303.130
MinimumVisualStudioVersion = 10.0.40219.1
Project("{FAE04EC0-301F-11D3-BF4B-00C04F79EFBC}") = "Publisher", "Publisher\Publisher\Publisher.csproj", "{A74C3EE3-3553-4B4B-9581-BFE9B0B1F884}"
EndProject
Project("{FAE04EC0-301F-11D3-BF4B-00C04F79EFBC}") = "Consumer", "Consumer\Consumer\Consumer.csproj", "{2C3654E9-963D-4F89-BCF2-52A29512E5EB}"
EndProject
Global
	GlobalSection(SolutionConfigurationPlatforms) = preSolution
		Debug|Any CPU = Debug|Any CPU
		Release|Any CPU = Release|Any CPU
	EndGlobalSection
	GlobalSection(ProjectConfigurationPlatforms) = postSolution
		{A74C3EE3-3553-4B4B-9581-BFE9B0B1F884}.Debug|Any CPU.ActiveCfg = Debug|Any CPU
		{A74C3EE3-3553-4B4B-9581-BFE9B0B1F884}.Debug|Any CPU.Build.0 = Debug|Any CPU
		{A74C3EE3-3553-4B4B-9581-BFE9B0B1F884}.Release|Any CPU.ActiveCfg = Release|Any CPU
		{A74C3EE3-3553-4B4B-9581-BFE9B0B1F884}.Release|Any CPU.Build.0 = Release|Any CPU
		{2C3654E9-963D-4F89-BCF2-52A29512E5EB}.Debug|Any CPU.ActiveCfg = Debug|Any CPU
		{2C3654E9-963D-4F89-BCF2-52A29512E5EB}.Debug|Any CPU.Build.0 = Debug|Any CPU
		{2C3654E9-963D-4F89-BCF2-52A29512E5EB}.Release|Any CPU.ActiveCfg = Release|Any CPU
		{2C3654E9-963D-4F89-BCF2-52A29512E5EB}.Release|Any CPU.Build.0 = Release|Any CPU
	EndGlobalSection
	GlobalSection(SolutionProperties) = preSolution
		HideSolutionNode = FALSE
	EndGlobalSection
	GlobalSection(ExtensibilityGlobals) = postSolution
		SolutionGuid = {D3EC49CE-5910-44AC-A2BE-FC8052F35B21}
	EndGlobalSection
EndGlobal
